// !$*UTF8*$!
{
	archiveVersion = 1;
	classes = {
	};
	objectVersion = 51;
	objects = {

/* Begin PBXBuildFile section */
		19A3D75E0F2B3CB11EBE6317 /* Pods_HappyMapTests.framework in Frameworks */ = {isa = PBXBuildFile; fileRef = 310710AC1E2BDB07274D9E29 /* Pods_HappyMapTests.framework */; };
		3ECA15155BA4AD2A1B9D7D88 /* Pods_HappyMapUITests.framework in Frameworks */ = {isa = PBXBuildFile; fileRef = 10CEBA8798BD857E335DC5E7 /* Pods_HappyMapUITests.framework */; };
		96D43B005C9E21218EB240ED /* Pods_HappyMap.framework in Frameworks */ = {isa = PBXBuildFile; fileRef = 74470BF39A5C96FBC9755ACD /* Pods_HappyMap.framework */; };
		CECEB6662335F1BB00E2148E /* AppDelegate.swift in Sources */ = {isa = PBXBuildFile; fileRef = CECEB6652335F1BB00E2148E /* AppDelegate.swift */; };
		CECEB6682335F1BB00E2148E /* SceneDelegate.swift in Sources */ = {isa = PBXBuildFile; fileRef = CECEB6672335F1BB00E2148E /* SceneDelegate.swift */; };
		CECEB66A2335F1BB00E2148E /* ViewController.swift in Sources */ = {isa = PBXBuildFile; fileRef = CECEB6692335F1BB00E2148E /* ViewController.swift */; };
		CECEB66D2335F1BB00E2148E /* Main.storyboard in Resources */ = {isa = PBXBuildFile; fileRef = CECEB66B2335F1BB00E2148E /* Main.storyboard */; };
		CECEB66F2335F1BD00E2148E /* Assets.xcassets in Resources */ = {isa = PBXBuildFile; fileRef = CECEB66E2335F1BD00E2148E /* Assets.xcassets */; };
		CECEB6722335F1BD00E2148E /* LaunchScreen.storyboard in Resources */ = {isa = PBXBuildFile; fileRef = CECEB6702335F1BD00E2148E /* LaunchScreen.storyboard */; };
		CECEB67D2335F1BD00E2148E /* HappyMapTests.swift in Sources */ = {isa = PBXBuildFile; fileRef = CECEB67C2335F1BD00E2148E /* HappyMapTests.swift */; };
		CECEB6882335F1BD00E2148E /* HappyMapUITests.swift in Sources */ = {isa = PBXBuildFile; fileRef = CECEB6872335F1BD00E2148E /* HappyMapUITests.swift */; };
		CECEB6982336150700E2148E /* MasterViewController.swift in Sources */ = {isa = PBXBuildFile; fileRef = CECEB6972336150700E2148E /* MasterViewController.swift */; };
		CECEB69A2336153100E2148E /* DetailViewController.swift in Sources */ = {isa = PBXBuildFile; fileRef = CECEB6992336153100E2148E /* DetailViewController.swift */; };
/* End PBXBuildFile section */

/* Begin PBXContainerItemProxy section */
		CECEB6792335F1BD00E2148E /* PBXContainerItemProxy */ = {
			isa = PBXContainerItemProxy;
			containerPortal = CECEB65A2335F1BB00E2148E /* Project object */;
			proxyType = 1;
			remoteGlobalIDString = CECEB6612335F1BB00E2148E;
			remoteInfo = HappyMap;
		};
		CECEB6842335F1BD00E2148E /* PBXContainerItemProxy */ = {
			isa = PBXContainerItemProxy;
			containerPortal = CECEB65A2335F1BB00E2148E /* Project object */;
			proxyType = 1;
			remoteGlobalIDString = CECEB6612335F1BB00E2148E;
			remoteInfo = HappyMap;
		};
/* End PBXContainerItemProxy section */

/* Begin PBXFileReference section */
		01CB99812B355158A2185FE1 /* Pods-HappyMap.release.xcconfig */ = {isa = PBXFileReference; includeInIndex = 1; lastKnownFileType = text.xcconfig; name = "Pods-HappyMap.release.xcconfig"; path = "Target Support Files/Pods-HappyMap/Pods-HappyMap.release.xcconfig"; sourceTree = "<group>"; };
		10CEBA8798BD857E335DC5E7 /* Pods_HappyMapUITests.framework */ = {isa = PBXFileReference; explicitFileType = wrapper.framework; includeInIndex = 0; path = Pods_HappyMapUITests.framework; sourceTree = BUILT_PRODUCTS_DIR; };
		2562F9CB149886EACEA14C4A /* Pods-HappyMapTests.release.xcconfig */ = {isa = PBXFileReference; includeInIndex = 1; lastKnownFileType = text.xcconfig; name = "Pods-HappyMapTests.release.xcconfig"; path = "Target Support Files/Pods-HappyMapTests/Pods-HappyMapTests.release.xcconfig"; sourceTree = "<group>"; };
		294867E86E29E8124D14DCF9 /* Pods-HappyMapTests.debug.xcconfig */ = {isa = PBXFileReference; includeInIndex = 1; lastKnownFileType = text.xcconfig; name = "Pods-HappyMapTests.debug.xcconfig"; path = "Target Support Files/Pods-HappyMapTests/Pods-HappyMapTests.debug.xcconfig"; sourceTree = "<group>"; };
		310710AC1E2BDB07274D9E29 /* Pods_HappyMapTests.framework */ = {isa = PBXFileReference; explicitFileType = wrapper.framework; includeInIndex = 0; path = Pods_HappyMapTests.framework; sourceTree = BUILT_PRODUCTS_DIR; };
		590585E3AAF4A40459210C7D /* Pods-HappyMap.debug.xcconfig */ = {isa = PBXFileReference; includeInIndex = 1; lastKnownFileType = text.xcconfig; name = "Pods-HappyMap.debug.xcconfig"; path = "Target Support Files/Pods-HappyMap/Pods-HappyMap.debug.xcconfig"; sourceTree = "<group>"; };
		621BE197C76B6AE45762A861 /* Pods-HappyMapUITests.debug.xcconfig */ = {isa = PBXFileReference; includeInIndex = 1; lastKnownFileType = text.xcconfig; name = "Pods-HappyMapUITests.debug.xcconfig"; path = "Target Support Files/Pods-HappyMapUITests/Pods-HappyMapUITests.debug.xcconfig"; sourceTree = "<group>"; };
		74470BF39A5C96FBC9755ACD /* Pods_HappyMap.framework */ = {isa = PBXFileReference; explicitFileType = wrapper.framework; includeInIndex = 0; path = Pods_HappyMap.framework; sourceTree = BUILT_PRODUCTS_DIR; };
		C0F6D30048B3EA1D619DBC5A /* Pods-HappyMapUITests.release.xcconfig */ = {isa = PBXFileReference; includeInIndex = 1; lastKnownFileType = text.xcconfig; name = "Pods-HappyMapUITests.release.xcconfig"; path = "Target Support Files/Pods-HappyMapUITests/Pods-HappyMapUITests.release.xcconfig"; sourceTree = "<group>"; };
		CECEB6622335F1BB00E2148E /* HappyMap.app */ = {isa = PBXFileReference; explicitFileType = wrapper.application; includeInIndex = 0; path = HappyMap.app; sourceTree = BUILT_PRODUCTS_DIR; };
		CECEB6652335F1BB00E2148E /* AppDelegate.swift */ = {isa = PBXFileReference; lastKnownFileType = sourcecode.swift; path = AppDelegate.swift; sourceTree = "<group>"; };
		CECEB6672335F1BB00E2148E /* SceneDelegate.swift */ = {isa = PBXFileReference; lastKnownFileType = sourcecode.swift; path = SceneDelegate.swift; sourceTree = "<group>"; };
		CECEB6692335F1BB00E2148E /* ViewController.swift */ = {isa = PBXFileReference; lastKnownFileType = sourcecode.swift; path = ViewController.swift; sourceTree = "<group>"; };
		CECEB66C2335F1BB00E2148E /* Base */ = {isa = PBXFileReference; lastKnownFileType = file.storyboard; name = Base; path = Base.lproj/Main.storyboard; sourceTree = "<group>"; };
		CECEB66E2335F1BD00E2148E /* Assets.xcassets */ = {isa = PBXFileReference; lastKnownFileType = folder.assetcatalog; path = Assets.xcassets; sourceTree = "<group>"; };
		CECEB6712335F1BD00E2148E /* Base */ = {isa = PBXFileReference; lastKnownFileType = file.storyboard; name = Base; path = Base.lproj/LaunchScreen.storyboard; sourceTree = "<group>"; };
		CECEB6732335F1BD00E2148E /* Info.plist */ = {isa = PBXFileReference; lastKnownFileType = text.plist.xml; path = Info.plist; sourceTree = "<group>"; };
		CECEB6782335F1BD00E2148E /* HappyMapTests.xctest */ = {isa = PBXFileReference; explicitFileType = wrapper.cfbundle; includeInIndex = 0; path = HappyMapTests.xctest; sourceTree = BUILT_PRODUCTS_DIR; };
		CECEB67C2335F1BD00E2148E /* HappyMapTests.swift */ = {isa = PBXFileReference; lastKnownFileType = sourcecode.swift; path = HappyMapTests.swift; sourceTree = "<group>"; };
		CECEB67E2335F1BD00E2148E /* Info.plist */ = {isa = PBXFileReference; lastKnownFileType = text.plist.xml; path = Info.plist; sourceTree = "<group>"; };
		CECEB6832335F1BD00E2148E /* HappyMapUITests.xctest */ = {isa = PBXFileReference; explicitFileType = wrapper.cfbundle; includeInIndex = 0; path = HappyMapUITests.xctest; sourceTree = BUILT_PRODUCTS_DIR; };
		CECEB6872335F1BD00E2148E /* HappyMapUITests.swift */ = {isa = PBXFileReference; lastKnownFileType = sourcecode.swift; path = HappyMapUITests.swift; sourceTree = "<group>"; };
		CECEB6892335F1BD00E2148E /* Info.plist */ = {isa = PBXFileReference; lastKnownFileType = text.plist.xml; path = Info.plist; sourceTree = "<group>"; };
		CECEB6972336150700E2148E /* MasterViewController.swift */ = {isa = PBXFileReference; lastKnownFileType = sourcecode.swift; path = MasterViewController.swift; sourceTree = "<group>"; };
		CECEB6992336153100E2148E /* DetailViewController.swift */ = {isa = PBXFileReference; lastKnownFileType = sourcecode.swift; path = DetailViewController.swift; sourceTree = "<group>"; };
/* End PBXFileReference section */

/* Begin PBXFrameworksBuildPhase section */
		CECEB65F2335F1BB00E2148E /* Frameworks */ = {
			isa = PBXFrameworksBuildPhase;
			buildActionMask = 2147483647;
			files = (
				96D43B005C9E21218EB240ED /* Pods_HappyMap.framework in Frameworks */,
			);
			runOnlyForDeploymentPostprocessing = 0;
		};
		CECEB6752335F1BD00E2148E /* Frameworks */ = {
			isa = PBXFrameworksBuildPhase;
			buildActionMask = 2147483647;
			files = (
				19A3D75E0F2B3CB11EBE6317 /* Pods_HappyMapTests.framework in Frameworks */,
			);
			runOnlyForDeploymentPostprocessing = 0;
		};
		CECEB6802335F1BD00E2148E /* Frameworks */ = {
			isa = PBXFrameworksBuildPhase;
			buildActionMask = 2147483647;
			files = (
				3ECA15155BA4AD2A1B9D7D88 /* Pods_HappyMapUITests.framework in Frameworks */,
			);
			runOnlyForDeploymentPostprocessing = 0;
		};
/* End PBXFrameworksBuildPhase section */

/* Begin PBXGroup section */
		5411ACEBA8D178AA1288BD89 /* Pods */ = {
			isa = PBXGroup;
			children = (
				590585E3AAF4A40459210C7D /* Pods-HappyMap.debug.xcconfig */,
				01CB99812B355158A2185FE1 /* Pods-HappyMap.release.xcconfig */,
				294867E86E29E8124D14DCF9 /* Pods-HappyMapTests.debug.xcconfig */,
				2562F9CB149886EACEA14C4A /* Pods-HappyMapTests.release.xcconfig */,
				621BE197C76B6AE45762A861 /* Pods-HappyMapUITests.debug.xcconfig */,
				C0F6D30048B3EA1D619DBC5A /* Pods-HappyMapUITests.release.xcconfig */,
			);
			path = Pods;
			sourceTree = "<group>";
		};
		58D4334443DFB078A809D6DE /* Frameworks */ = {
			isa = PBXGroup;
			children = (
				74470BF39A5C96FBC9755ACD /* Pods_HappyMap.framework */,
				310710AC1E2BDB07274D9E29 /* Pods_HappyMapTests.framework */,
				10CEBA8798BD857E335DC5E7 /* Pods_HappyMapUITests.framework */,
			);
			name = Frameworks;
			sourceTree = "<group>";
		};
		CECEB6592335F1BB00E2148E = {
			isa = PBXGroup;
			children = (
				CECEB6642335F1BB00E2148E /* HappyMap */,
				CECEB67B2335F1BD00E2148E /* HappyMapTests */,
				CECEB6862335F1BD00E2148E /* HappyMapUITests */,
				CECEB6632335F1BB00E2148E /* Products */,
				5411ACEBA8D178AA1288BD89 /* Pods */,
				58D4334443DFB078A809D6DE /* Frameworks */,
			);
			sourceTree = "<group>";
		};
		CECEB6632335F1BB00E2148E /* Products */ = {
			isa = PBXGroup;
			children = (
				CECEB6622335F1BB00E2148E /* HappyMap.app */,
				CECEB6782335F1BD00E2148E /* HappyMapTests.xctest */,
				CECEB6832335F1BD00E2148E /* HappyMapUITests.xctest */,
			);
			name = Products;
			sourceTree = "<group>";
		};
		CECEB6642335F1BB00E2148E /* HappyMap */ = {
			isa = PBXGroup;
			children = (
				CECEB6652335F1BB00E2148E /* AppDelegate.swift */,
				CECEB6672335F1BB00E2148E /* SceneDelegate.swift */,
				CECEB6692335F1BB00E2148E /* ViewController.swift */,
				CECEB66B2335F1BB00E2148E /* Main.storyboard */,
				CECEB6972336150700E2148E /* MasterViewController.swift */,
				CECEB6992336153100E2148E /* DetailViewController.swift */,
				CECEB66E2335F1BD00E2148E /* Assets.xcassets */,
				CECEB6702335F1BD00E2148E /* LaunchScreen.storyboard */,
				CECEB6732335F1BD00E2148E /* Info.plist */,
			);
			path = HappyMap;
			sourceTree = "<group>";
		};
		CECEB67B2335F1BD00E2148E /* HappyMapTests */ = {
			isa = PBXGroup;
			children = (
				CECEB67C2335F1BD00E2148E /* HappyMapTests.swift */,
				CECEB67E2335F1BD00E2148E /* Info.plist */,
			);
			path = HappyMapTests;
			sourceTree = "<group>";
		};
		CECEB6862335F1BD00E2148E /* HappyMapUITests */ = {
			isa = PBXGroup;
			children = (
				CECEB6872335F1BD00E2148E /* HappyMapUITests.swift */,
				CECEB6892335F1BD00E2148E /* Info.plist */,
			);
			path = HappyMapUITests;
			sourceTree = "<group>";
		};
/* End PBXGroup section */

/* Begin PBXNativeTarget section */
		CECEB6612335F1BB00E2148E /* HappyMap */ = {
			isa = PBXNativeTarget;
			buildConfigurationList = CECEB68C2335F1BD00E2148E /* Build configuration list for PBXNativeTarget "HappyMap" */;
			buildPhases = (
				E040917A81F84A70AD080756 /* [CP] Check Pods Manifest.lock */,
				CECEB65E2335F1BB00E2148E /* Sources */,
				CECEB65F2335F1BB00E2148E /* Frameworks */,
				CECEB6602335F1BB00E2148E /* Resources */,
				85B9C68A994E3C23D874845B /* [CP] Embed Pods Frameworks */,
			);
			buildRules = (
			);
			dependencies = (
			);
			name = HappyMap;
			productName = HappyMap;
			productReference = CECEB6622335F1BB00E2148E /* HappyMap.app */;
			productType = "com.apple.product-type.application";
		};
		CECEB6772335F1BD00E2148E /* HappyMapTests */ = {
			isa = PBXNativeTarget;
			buildConfigurationList = CECEB68F2335F1BD00E2148E /* Build configuration list for PBXNativeTarget "HappyMapTests" */;
			buildPhases = (
				3D45F8C513DA8E0EB4C7701B /* [CP] Check Pods Manifest.lock */,
				CECEB6742335F1BD00E2148E /* Sources */,
				CECEB6752335F1BD00E2148E /* Frameworks */,
				CECEB6762335F1BD00E2148E /* Resources */,
			);
			buildRules = (
			);
			dependencies = (
				CECEB67A2335F1BD00E2148E /* PBXTargetDependency */,
			);
			name = HappyMapTests;
			productName = HappyMapTests;
			productReference = CECEB6782335F1BD00E2148E /* HappyMapTests.xctest */;
			productType = "com.apple.product-type.bundle.unit-test";
		};
		CECEB6822335F1BD00E2148E /* HappyMapUITests */ = {
			isa = PBXNativeTarget;
			buildConfigurationList = CECEB6922335F1BD00E2148E /* Build configuration list for PBXNativeTarget "HappyMapUITests" */;
			buildPhases = (
				1D897788C91A0E11308CC7A2 /* [CP] Check Pods Manifest.lock */,
				CECEB67F2335F1BD00E2148E /* Sources */,
				CECEB6802335F1BD00E2148E /* Frameworks */,
				CECEB6812335F1BD00E2148E /* Resources */,
			);
			buildRules = (
			);
			dependencies = (
				CECEB6852335F1BD00E2148E /* PBXTargetDependency */,
			);
			name = HappyMapUITests;
			productName = HappyMapUITests;
			productReference = CECEB6832335F1BD00E2148E /* HappyMapUITests.xctest */;
			productType = "com.apple.product-type.bundle.ui-testing";
		};
/* End PBXNativeTarget section */

/* Begin PBXProject section */
		CECEB65A2335F1BB00E2148E /* Project object */ = {
			isa = PBXProject;
			attributes = {
				LastSwiftUpdateCheck = 1100;
				LastUpgradeCheck = 1100;
				ORGANIZATIONNAME = user;
				TargetAttributes = {
					CECEB6612335F1BB00E2148E = {
						CreatedOnToolsVersion = 11.0;
					};
					CECEB6772335F1BD00E2148E = {
						CreatedOnToolsVersion = 11.0;
						TestTargetID = CECEB6612335F1BB00E2148E;
					};
					CECEB6822335F1BD00E2148E = {
						CreatedOnToolsVersion = 11.0;
						TestTargetID = CECEB6612335F1BB00E2148E;
					};
				};
			};
			buildConfigurationList = CECEB65D2335F1BB00E2148E /* Build configuration list for PBXProject "HappyMap" */;
			compatibilityVersion = "Xcode 9.3";
			developmentRegion = en;
			hasScannedForEncodings = 0;
			knownRegions = (
				en,
				Base,
			);
			mainGroup = CECEB6592335F1BB00E2148E;
			productRefGroup = CECEB6632335F1BB00E2148E /* Products */;
			projectDirPath = "";
			projectRoot = "";
			targets = (
				CECEB6612335F1BB00E2148E /* HappyMap */,
				CECEB6772335F1BD00E2148E /* HappyMapTests */,
				CECEB6822335F1BD00E2148E /* HappyMapUITests */,
			);
		};
/* End PBXProject section */

/* Begin PBXResourcesBuildPhase section */
		CECEB6602335F1BB00E2148E /* Resources */ = {
			isa = PBXResourcesBuildPhase;
			buildActionMask = 2147483647;
			files = (
				CECEB6722335F1BD00E2148E /* LaunchScreen.storyboard in Resources */,
				CECEB66F2335F1BD00E2148E /* Assets.xcassets in Resources */,
				CECEB66D2335F1BB00E2148E /* Main.storyboard in Resources */,
			);
			runOnlyForDeploymentPostprocessing = 0;
		};
		CECEB6762335F1BD00E2148E /* Resources */ = {
			isa = PBXResourcesBuildPhase;
			buildActionMask = 2147483647;
			files = (
			);
			runOnlyForDeploymentPostprocessing = 0;
		};
		CECEB6812335F1BD00E2148E /* Resources */ = {
			isa = PBXResourcesBuildPhase;
			buildActionMask = 2147483647;
			files = (
			);
			runOnlyForDeploymentPostprocessing = 0;
		};
/* End PBXResourcesBuildPhase section */

/* Begin PBXShellScriptBuildPhase section */
		1D897788C91A0E11308CC7A2 /* [CP] Check Pods Manifest.lock */ = {
			isa = PBXShellScriptBuildPhase;
			buildActionMask = 2147483647;
			files = (
			);
			inputFileListPaths = (
			);
			inputPaths = (
				"${PODS_PODFILE_DIR_PATH}/Podfile.lock",
				"${PODS_ROOT}/Manifest.lock",
			);
			name = "[CP] Check Pods Manifest.lock";
			outputFileListPaths = (
			);
			outputPaths = (
				"$(DERIVED_FILE_DIR)/Pods-HappyMapUITests-checkManifestLockResult.txt",
			);
			runOnlyForDeploymentPostprocessing = 0;
			shellPath = /bin/sh;
			shellScript = "diff \"${PODS_PODFILE_DIR_PATH}/Podfile.lock\" \"${PODS_ROOT}/Manifest.lock\" > /dev/null\nif [ $? != 0 ] ; then\n    # print error to STDERR\n    echo \"error: The sandbox is not in sync with the Podfile.lock. Run 'pod install' or update your CocoaPods installation.\" >&2\n    exit 1\nfi\n# This output is used by Xcode 'outputs' to avoid re-running this script phase.\necho \"SUCCESS\" > \"${SCRIPT_OUTPUT_FILE_0}\"\n";
			showEnvVarsInLog = 0;
		};
		3D45F8C513DA8E0EB4C7701B /* [CP] Check Pods Manifest.lock */ = {
			isa = PBXShellScriptBuildPhase;
			buildActionMask = 2147483647;
			files = (
			);
			inputFileListPaths = (
			);
			inputPaths = (
				"${PODS_PODFILE_DIR_PATH}/Podfile.lock",
				"${PODS_ROOT}/Manifest.lock",
			);
			name = "[CP] Check Pods Manifest.lock";
			outputFileListPaths = (
			);
			outputPaths = (
				"$(DERIVED_FILE_DIR)/Pods-HappyMapTests-checkManifestLockResult.txt",
			);
			runOnlyForDeploymentPostprocessing = 0;
			shellPath = /bin/sh;
			shellScript = "diff \"${PODS_PODFILE_DIR_PATH}/Podfile.lock\" \"${PODS_ROOT}/Manifest.lock\" > /dev/null\nif [ $? != 0 ] ; then\n    # print error to STDERR\n    echo \"error: The sandbox is not in sync with the Podfile.lock. Run 'pod install' or update your CocoaPods installation.\" >&2\n    exit 1\nfi\n# This output is used by Xcode 'outputs' to avoid re-running this script phase.\necho \"SUCCESS\" > \"${SCRIPT_OUTPUT_FILE_0}\"\n";
			showEnvVarsInLog = 0;
		};
		85B9C68A994E3C23D874845B /* [CP] Embed Pods Frameworks */ = {
			isa = PBXShellScriptBuildPhase;
			buildActionMask = 2147483647;
			files = (
			);
			inputFileListPaths = (
				"${PODS_ROOT}/Target Support Files/Pods-HappyMap/Pods-HappyMap-frameworks-${CONFIGURATION}-input-files.xcfilelist",
			);
			name = "[CP] Embed Pods Frameworks";
			outputFileListPaths = (
				"${PODS_ROOT}/Target Support Files/Pods-HappyMap/Pods-HappyMap-frameworks-${CONFIGURATION}-output-files.xcfilelist",
			);
			runOnlyForDeploymentPostprocessing = 0;
			shellPath = /bin/sh;
			shellScript = "\"${PODS_ROOT}/Target Support Files/Pods-HappyMap/Pods-HappyMap-frameworks.sh\"\n";
			showEnvVarsInLog = 0;
		};
		E040917A81F84A70AD080756 /* [CP] Check Pods Manifest.lock */ = {
			isa = PBXShellScriptBuildPhase;
			buildActionMask = 2147483647;
			files = (
			);
			inputFileListPaths = (
			);
			inputPaths = (
				"${PODS_PODFILE_DIR_PATH}/Podfile.lock",
				"${PODS_ROOT}/Manifest.lock",
			);
			name = "[CP] Check Pods Manifest.lock";
			outputFileListPaths = (
			);
			outputPaths = (
				"$(DERIVED_FILE_DIR)/Pods-HappyMap-checkManifestLockResult.txt",
			);
			runOnlyForDeploymentPostprocessing = 0;
			shellPath = /bin/sh;
			shellScript = "diff \"${PODS_PODFILE_DIR_PATH}/Podfile.lock\" \"${PODS_ROOT}/Manifest.lock\" > /dev/null\nif [ $? != 0 ] ; then\n    # print error to STDERR\n    echo \"error: The sandbox is not in sync with the Podfile.lock. Run 'pod install' or update your CocoaPods installation.\" >&2\n    exit 1\nfi\n# This output is used by Xcode 'outputs' to avoid re-running this script phase.\necho \"SUCCESS\" > \"${SCRIPT_OUTPUT_FILE_0}\"\n";
			showEnvVarsInLog = 0;
		};
/* End PBXShellScriptBuildPhase section */

/* Begin PBXSourcesBuildPhase section */
		CECEB65E2335F1BB00E2148E /* Sources */ = {
			isa = PBXSourcesBuildPhase;
			buildActionMask = 2147483647;
			files = (
				CECEB6982336150700E2148E /* MasterViewController.swift in Sources */,
				CECEB66A2335F1BB00E2148E /* ViewController.swift in Sources */,
				CECEB69A2336153100E2148E /* DetailViewController.swift in Sources */,
				CECEB6662335F1BB00E2148E /* AppDelegate.swift in Sources */,
				CECEB6682335F1BB00E2148E /* SceneDelegate.swift in Sources */,
			);
			runOnlyForDeploymentPostprocessing = 0;
		};
		CECEB6742335F1BD00E2148E /* Sources */ = {
			isa = PBXSourcesBuildPhase;
			buildActionMask = 2147483647;
			files = (
				CECEB67D2335F1BD00E2148E /* HappyMapTests.swift in Sources */,
			);
			runOnlyForDeploymentPostprocessing = 0;
		};
		CECEB67F2335F1BD00E2148E /* Sources */ = {
			isa = PBXSourcesBuildPhase;
			buildActionMask = 2147483647;
			files = (
				CECEB6882335F1BD00E2148E /* HappyMapUITests.swift in Sources */,
			);
			runOnlyForDeploymentPostprocessing = 0;
		};
/* End PBXSourcesBuildPhase section */

/* Begin PBXTargetDependency section */
		CECEB67A2335F1BD00E2148E /* PBXTargetDependency */ = {
			isa = PBXTargetDependency;
			target = CECEB6612335F1BB00E2148E /* HappyMap */;
			targetProxy = CECEB6792335F1BD00E2148E /* PBXContainerItemProxy */;
		};
		CECEB6852335F1BD00E2148E /* PBXTargetDependency */ = {
			isa = PBXTargetDependency;
			target = CECEB6612335F1BB00E2148E /* HappyMap */;
			targetProxy = CECEB6842335F1BD00E2148E /* PBXContainerItemProxy */;
		};
/* End PBXTargetDependency section */

/* Begin PBXVariantGroup section */
		CECEB66B2335F1BB00E2148E /* Main.storyboard */ = {
			isa = PBXVariantGroup;
			children = (
				CECEB66C2335F1BB00E2148E /* Base */,
			);
			name = Main.storyboard;
			sourceTree = "<group>";
		};
		CECEB6702335F1BD00E2148E /* LaunchScreen.storyboard */ = {
			isa = PBXVariantGroup;
			children = (
				CECEB6712335F1BD00E2148E /* Base */,
			);
			name = LaunchScreen.storyboard;
			sourceTree = "<group>";
		};
/* End PBXVariantGroup section */

/* Begin XCBuildConfiguration section */
		CECEB68A2335F1BD00E2148E /* Debug */ = {
			isa = XCBuildConfiguration;
			buildSettings = {
				ALWAYS_SEARCH_USER_PATHS = NO;
				CLANG_ANALYZER_NONNULL = YES;
				CLANG_ANALYZER_NUMBER_OBJECT_CONVERSION = YES_AGGRESSIVE;
				CLANG_CXX_LANGUAGE_STANDARD = "gnu++14";
				CLANG_CXX_LIBRARY = "libc++";
				CLANG_ENABLE_MODULES = YES;
				CLANG_ENABLE_OBJC_ARC = YES;
				CLANG_ENABLE_OBJC_WEAK = YES;
				CLANG_WARN_BLOCK_CAPTURE_AUTORELEASING = YES;
				CLANG_WARN_BOOL_CONVERSION = YES;
				CLANG_WARN_COMMA = YES;
				CLANG_WARN_CONSTANT_CONVERSION = YES;
				CLANG_WARN_DEPRECATED_OBJC_IMPLEMENTATIONS = YES;
				CLANG_WARN_DIRECT_OBJC_ISA_USAGE = YES_ERROR;
				CLANG_WARN_DOCUMENTATION_COMMENTS = YES;
				CLANG_WARN_EMPTY_BODY = YES;
				CLANG_WARN_ENUM_CONVERSION = YES;
				CLANG_WARN_INFINITE_RECURSION = YES;
				CLANG_WARN_INT_CONVERSION = YES;
				CLANG_WARN_NON_LITERAL_NULL_CONVERSION = YES;
				CLANG_WARN_OBJC_IMPLICIT_RETAIN_SELF = YES;
				CLANG_WARN_OBJC_LITERAL_CONVERSION = YES;
				CLANG_WARN_OBJC_ROOT_CLASS = YES_ERROR;
				CLANG_WARN_RANGE_LOOP_ANALYSIS = YES;
				CLANG_WARN_STRICT_PROTOTYPES = YES;
				CLANG_WARN_SUSPICIOUS_MOVE = YES;
				CLANG_WARN_UNGUARDED_AVAILABILITY = YES_AGGRESSIVE;
				CLANG_WARN_UNREACHABLE_CODE = YES;
				CLANG_WARN__DUPLICATE_METHOD_MATCH = YES;
				COPY_PHASE_STRIP = NO;
				DEBUG_INFORMATION_FORMAT = dwarf;
				ENABLE_STRICT_OBJC_MSGSEND = YES;
				ENABLE_TESTABILITY = YES;
				GCC_C_LANGUAGE_STANDARD = gnu11;
				GCC_DYNAMIC_NO_PIC = NO;
				GCC_NO_COMMON_BLOCKS = YES;
				GCC_OPTIMIZATION_LEVEL = 0;
				GCC_PREPROCESSOR_DEFINITIONS = (
					"DEBUG=1",
					"$(inherited)",
				);
				GCC_WARN_64_TO_32_BIT_CONVERSION = YES;
				GCC_WARN_ABOUT_RETURN_TYPE = YES_ERROR;
				GCC_WARN_UNDECLARED_SELECTOR = YES;
				GCC_WARN_UNINITIALIZED_AUTOS = YES_AGGRESSIVE;
				GCC_WARN_UNUSED_FUNCTION = YES;
				GCC_WARN_UNUSED_VARIABLE = YES;
				IPHONEOS_DEPLOYMENT_TARGET = 13.0;
				MTL_ENABLE_DEBUG_INFO = INCLUDE_SOURCE;
				MTL_FAST_MATH = YES;
				ONLY_ACTIVE_ARCH = YES;
				SDKROOT = iphoneos;
				SWIFT_ACTIVE_COMPILATION_CONDITIONS = DEBUG;
				SWIFT_OPTIMIZATION_LEVEL = "-Onone";
			};
			name = Debug;
		};
		CECEB68B2335F1BD00E2148E /* Release */ = {
			isa = XCBuildConfiguration;
			buildSettings = {
				ALWAYS_SEARCH_USER_PATHS = NO;
				CLANG_ANALYZER_NONNULL = YES;
				CLANG_ANALYZER_NUMBER_OBJECT_CONVERSION = YES_AGGRESSIVE;
				CLANG_CXX_LANGUAGE_STANDARD = "gnu++14";
				CLANG_CXX_LIBRARY = "libc++";
				CLANG_ENABLE_MODULES = YES;
				CLANG_ENABLE_OBJC_ARC = YES;
				CLANG_ENABLE_OBJC_WEAK = YES;
				CLANG_WARN_BLOCK_CAPTURE_AUTORELEASING = YES;
				CLANG_WARN_BOOL_CONVERSION = YES;
				CLANG_WARN_COMMA = YES;
				CLANG_WARN_CONSTANT_CONVERSION = YES;
				CLANG_WARN_DEPRECATED_OBJC_IMPLEMENTATIONS = YES;
				CLANG_WARN_DIRECT_OBJC_ISA_USAGE = YES_ERROR;
				CLANG_WARN_DOCUMENTATION_COMMENTS = YES;
				CLANG_WARN_EMPTY_BODY = YES;
				CLANG_WARN_ENUM_CONVERSION = YES;
				CLANG_WARN_INFINITE_RECURSION = YES;
				CLANG_WARN_INT_CONVERSION = YES;
				CLANG_WARN_NON_LITERAL_NULL_CONVERSION = YES;
				CLANG_WARN_OBJC_IMPLICIT_RETAIN_SELF = YES;
				CLANG_WARN_OBJC_LITERAL_CONVERSION = YES;
				CLANG_WARN_OBJC_ROOT_CLASS = YES_ERROR;
				CLANG_WARN_RANGE_LOOP_ANALYSIS = YES;
				CLANG_WARN_STRICT_PROTOTYPES = YES;
				CLANG_WARN_SUSPICIOUS_MOVE = YES;
				CLANG_WARN_UNGUARDED_AVAILABILITY = YES_AGGRESSIVE;
				CLANG_WARN_UNREACHABLE_CODE = YES;
				CLANG_WARN__DUPLICATE_METHOD_MATCH = YES;
				COPY_PHASE_STRIP = NO;
				DEBUG_INFORMATION_FORMAT = "dwarf-with-dsym";
				ENABLE_NS_ASSERTIONS = NO;
				ENABLE_STRICT_OBJC_MSGSEND = YES;
				GCC_C_LANGUAGE_STANDARD = gnu11;
				GCC_NO_COMMON_BLOCKS = YES;
				GCC_WARN_64_TO_32_BIT_CONVERSION = YES;
				GCC_WARN_ABOUT_RETURN_TYPE = YES_ERROR;
				GCC_WARN_UNDECLARED_SELECTOR = YES;
				GCC_WARN_UNINITIALIZED_AUTOS = YES_AGGRESSIVE;
				GCC_WARN_UNUSED_FUNCTION = YES;
				GCC_WARN_UNUSED_VARIABLE = YES;
				IPHONEOS_DEPLOYMENT_TARGET = 13.0;
				MTL_ENABLE_DEBUG_INFO = NO;
				MTL_FAST_MATH = YES;
				SDKROOT = iphoneos;
				SWIFT_COMPILATION_MODE = wholemodule;
				SWIFT_OPTIMIZATION_LEVEL = "-O";
				VALIDATE_PRODUCT = YES;
			};
			name = Release;
		};
		CECEB68D2335F1BD00E2148E /* Debug */ = {
			isa = XCBuildConfiguration;
			baseConfigurationReference = 590585E3AAF4A40459210C7D /* Pods-HappyMap.debug.xcconfig */;
			buildSettings = {
				ASSETCATALOG_COMPILER_APPICON_NAME = AppIcon;
				CODE_SIGN_STYLE = Automatic;
				INFOPLIST_FILE = HappyMap/Info.plist;
				LD_RUNPATH_SEARCH_PATHS = (
					"$(inherited)",
					"@executable_path/Frameworks",
				);
				PRODUCT_BUNDLE_IDENTIFIER = sysh.HappyMap;
				PRODUCT_NAME = "$(TARGET_NAME)";
				SWIFT_VERSION = 5.0;
				TARGETED_DEVICE_FAMILY = "1,2";
			};
			name = Debug;
		};
		CECEB68E2335F1BD00E2148E /* Release */ = {
			isa = XCBuildConfiguration;
			baseConfigurationReference = 01CB99812B355158A2185FE1 /* Pods-HappyMap.release.xcconfig */;
			buildSettings = {
				ASSETCATALOG_COMPILER_APPICON_NAME = AppIcon;
				CODE_SIGN_STYLE = Automatic;
				INFOPLIST_FILE = HappyMap/Info.plist;
				LD_RUNPATH_SEARCH_PATHS = (
					"$(inherited)",
					"@executable_path/Frameworks",
				);
				PRODUCT_BUNDLE_IDENTIFIER = sysh.HappyMap;
				PRODUCT_NAME = "$(TARGET_NAME)";
				SWIFT_VERSION = 5.0;
				TARGETED_DEVICE_FAMILY = "1,2";
			};
			name = Release;
		};
		CECEB6902335F1BD00E2148E /* Debug */ = {
			isa = XCBuildConfiguration;
			baseConfigurationReference = 294867E86E29E8124D14DCF9 /* Pods-HappyMapTests.debug.xcconfig */;
			buildSettings = {
				ALWAYS_EMBED_SWIFT_STANDARD_LIBRARIES = YES;
				BUNDLE_LOADER = "$(TEST_HOST)";
				CODE_SIGN_STYLE = Automatic;
				INFOPLIST_FILE = HappyMapTests/Info.plist;
				IPHONEOS_DEPLOYMENT_TARGET = 13.0;
				LD_RUNPATH_SEARCH_PATHS = (
					"$(inherited)",
					"@executable_path/Frameworks",
					"@loader_path/Frameworks",
				);
				PRODUCT_BUNDLE_IDENTIFIER = sysh.HappyMapTests;
				PRODUCT_NAME = "$(TARGET_NAME)";
				SWIFT_VERSION = 5.0;
				TARGETED_DEVICE_FAMILY = "1,2";
				TEST_HOST = "$(BUILT_PRODUCTS_DIR)/HappyMap.app/HappyMap";
			};
			name = Debug;
		};
		CECEB6912335F1BD00E2148E /* Release */ = {
			isa = XCBuildConfiguration;
			baseConfigurationReference = 2562F9CB149886EACEA14C4A /* Pods-HappyMapTests.release.xcconfig */;
			buildSettings = {
				ALWAYS_EMBED_SWIFT_STANDARD_LIBRARIES = YES;
				BUNDLE_LOADER = "$(TEST_HOST)";
				CODE_SIGN_STYLE = Automatic;
				INFOPLIST_FILE = HappyMapTests/Info.plist;
				IPHONEOS_DEPLOYMENT_TARGET = 13.0;
				LD_RUNPATH_SEARCH_PATHS = (
					"$(inherited)",
					"@executable_path/Frameworks",
					"@loader_path/Frameworks",
				);
				PRODUCT_BUNDLE_IDENTIFIER = sysh.HappyMapTests;
				PRODUCT_NAME = "$(TARGET_NAME)";
				SWIFT_VERSION = 5.0;
				TARGETED_DEVICE_FAMILY = "1,2";
				TEST_HOST = "$(BUILT_PRODUCTS_DIR)/HappyMap.app/HappyMap";
			};
			name = Release;
		};
		CECEB6932335F1BD00E2148E /* Debug */ = {
			isa = XCBuildConfiguration;
			baseConfigurationReference = 621BE197C76B6AE45762A861 /* Pods-HappyMapUITests.debug.xcconfig */;
			buildSettings = {
				ALWAYS_EMBED_SWIFT_STANDARD_LIBRARIES = YES;
				CODE_SIGN_STYLE = Automatic;
				INFOPLIST_FILE = HappyMapUITests/Info.plist;
				LD_RUNPATH_SEARCH_PATHS = (
					"$(inherited)",
					"@executable_path/Frameworks",
					"@loader_path/Frameworks",
				);
				PRODUCT_BUNDLE_IDENTIFIER = sysh.HappyMapUITests;
				PRODUCT_NAME = "$(TARGET_NAME)";
				SWIFT_VERSION = 5.0;
				TARGETED_DEVICE_FAMILY = "1,2";
				TEST_TARGET_NAME = HappyMap;
			};
			name = Debug;
		};
		CECEB6942335F1BD00E2148E /* Release */ = {
			isa = XCBuildConfiguration;
			baseConfigurationReference = C0F6D30048B3EA1D619DBC5A /* Pods-HappyMapUITests.release.xcconfig */;
			buildSettings = {
				ALWAYS_EMBED_SWIFT_STANDARD_LIBRARIES = YES;
				CODE_SIGN_STYLE = Automatic;
				INFOPLIST_FILE = HappyMapUITests/Info.plist;
				LD_RUNPATH_SEARCH_PATHS = (
					"$(inherited)",
					"@executable_path/Frameworks",
					"@loader_path/Frameworks",
				);
				PRODUCT_BUNDLE_IDENTIFIER = sysh.HappyMapUITests;
				PRODUCT_NAME = "$(TARGET_NAME)";
				SWIFT_VERSION = 5.0;
				TARGETED_DEVICE_FAMILY = "1,2";
				TEST_TARGET_NAME = HappyMap;
			};
			name = Release;
		};
/* End XCBuildConfiguration section */

/* Begin XCConfigurationList section */
		CECEB65D2335F1BB00E2148E /* Build configuration list for PBXProject "HappyMap" */ = {
			isa = XCConfigurationList;
			buildConfigurations = (
				CECEB68A2335F1BD00E2148E /* Debug */,
				CECEB68B2335F1BD00E2148E /* Release */,
			);
			defaultConfigurationIsVisible = 0;
			defaultConfigurationName = Release;
		};
		CECEB68C2335F1BD00E2148E /* Build configuration list for PBXNativeTarget "HappyMap" */ = {
			isa = XCConfigurationList;
			buildConfigurations = (
				CECEB68D2335F1BD00E2148E /* Debug */,
				CECEB68E2335F1BD00E2148E /* Release */,
			);
			defaultConfigurationIsVisible = 0;
			defaultConfigurationName = Release;
		};
		CECEB68F2335F1BD00E2148E /* Build configuration list for PBXNativeTarget "HappyMapTests" */ = {
			isa = XCConfigurationList;
			buildConfigurations = (
				CECEB6902335F1BD00E2148E /* Debug */,
				CECEB6912335F1BD00E2148E /* Release */,
			);
			defaultConfigurationIsVisible = 0;
			defaultConfigurationName = Release;
		};
		CECEB6922335F1BD00E2148E /* Build configuration list for PBXNativeTarget "HappyMapUITests" */ = {
			isa = XCConfigurationList;
			buildConfigurations = (
				CECEB6932335F1BD00E2148E /* Debug */,
				CECEB6942335F1BD00E2148E /* Release */,
			);
			defaultConfigurationIsVisible = 0;
			defaultConfigurationName = Release;
		};
/* End XCConfigurationList section */
	};
	rootObject = CECEB65A2335F1BB00E2148E /* Project object */;
}
